// !$*UTF8*$!
{
	archiveVersion = 1;
	classes = {
	};
	objectVersion = 77;
	objects = {

/* Begin PBXContainerItemProxy section */
		97D97A802CF1824D009BE79D /* PBXContainerItemProxy */ = {
			isa = PBXContainerItemProxy;
			containerPortal = 97D97A672CF1824B009BE79D /* Project object */;
			proxyType = 1;
			remoteGlobalIDString = 97D97A6E2CF1824B009BE79D;
			remoteInfo = "35th-Seminar-SwiftUI";
		};
		97D97A8A2CF1824D009BE79D /* PBXContainerItemProxy */ = {
			isa = PBXContainerItemProxy;
			containerPortal = 97D97A672CF1824B009BE79D /* Project object */;
			proxyType = 1;
			remoteGlobalIDString = 97D97A6E2CF1824B009BE79D;
			remoteInfo = "35th-Seminar-SwiftUI";
		};
/* End PBXContainerItemProxy section */

/* Begin PBXFileReference section */
		97D97A6F2CF1824B009BE79D /* 35th-Seminar-SwiftUI.app */ = {isa = PBXFileReference; explicitFileType = wrapper.application; includeInIndex = 0; path = "35th-Seminar-SwiftUI.app"; sourceTree = BUILT_PRODUCTS_DIR; };
		97D97A7F2CF1824D009BE79D /* 35th-Seminar-SwiftUITests.xctest */ = {isa = PBXFileReference; explicitFileType = wrapper.cfbundle; includeInIndex = 0; path = "35th-Seminar-SwiftUITests.xctest"; sourceTree = BUILT_PRODUCTS_DIR; };
		97D97A892CF1824D009BE79D /* 35th-Seminar-SwiftUIUITests.xctest */ = {isa = PBXFileReference; explicitFileType = wrapper.cfbundle; includeInIndex = 0; path = "35th-Seminar-SwiftUIUITests.xctest"; sourceTree = BUILT_PRODUCTS_DIR; };
/* End PBXFileReference section */

/* Begin PBXFileSystemSynchronizedRootGroup section */
		97D97A712CF1824B009BE79D /* 35th-Seminar-SwiftUI */ = {
			isa = PBXFileSystemSynchronizedRootGroup;
			path = "35th-Seminar-SwiftUI";
			sourceTree = "<group>";
		};
		97D97A822CF1824D009BE79D /* 35th-Seminar-SwiftUITests */ = {
			isa = PBXFileSystemSynchronizedRootGroup;
			path = "35th-Seminar-SwiftUITests";
			sourceTree = "<group>";
		};
		97D97A8C2CF1824D009BE79D /* 35th-Seminar-SwiftUIUITests */ = {
			isa = PBXFileSystemSynchronizedRootGroup;
			path = "35th-Seminar-SwiftUIUITests";
			sourceTree = "<group>";
		};
/* End PBXFileSystemSynchronizedRootGroup section */

/* Begin PBXFrameworksBuildPhase section */
		97D97A6C2CF1824B009BE79D /* Frameworks */ = {
			isa = PBXFrameworksBuildPhase;
			buildActionMask = 2147483647;
			files = (
			);
			runOnlyForDeploymentPostprocessing = 0;
		};
		97D97A7C2CF1824D009BE79D /* Frameworks */ = {
			isa = PBXFrameworksBuildPhase;
			buildActionMask = 2147483647;
			files = (
			);
			runOnlyForDeploymentPostprocessing = 0;
		};
		97D97A862CF1824D009BE79D /* Frameworks */ = {
			isa = PBXFrameworksBuildPhase;
			buildActionMask = 2147483647;
			files = (
			);
			runOnlyForDeploymentPostprocessing = 0;
		};
/* End PBXFrameworksBuildPhase section */

/* Begin PBXGroup section */
		97D97A662CF1824B009BE79D = {
			isa = PBXGroup;
			children = (
				97D97A712CF1824B009BE79D /* 35th-Seminar-SwiftUI */,
				97D97A822CF1824D009BE79D /* 35th-Seminar-SwiftUITests */,
				97D97A8C2CF1824D009BE79D /* 35th-Seminar-SwiftUIUITests */,
				97D97A702CF1824B009BE79D /* Products */,
			);
			sourceTree = "<group>";
		};
		97D97A702CF1824B009BE79D /* Products */ = {
			isa = PBXGroup;
			children = (
				97D97A6F2CF1824B009BE79D /* 35th-Seminar-SwiftUI.app */,
				97D97A7F2CF1824D009BE79D /* 35th-Seminar-SwiftUITests.xctest */,
				97D97A892CF1824D009BE79D /* 35th-Seminar-SwiftUIUITests.xctest */,
			);
			name = Products;
			sourceTree = "<group>";
		};
/* End PBXGroup section */

/* Begin PBXNativeTarget section */
		97D97A6E2CF1824B009BE79D /* 35th-Seminar-SwiftUI */ = {
			isa = PBXNativeTarget;
			buildConfigurationList = 97D97A932CF1824D009BE79D /* Build configuration list for PBXNativeTarget "35th-Seminar-SwiftUI" */;
			buildPhases = (
				97D97A6B2CF1824B009BE79D /* Sources */,
				97D97A6C2CF1824B009BE79D /* Frameworks */,
				97D97A6D2CF1824B009BE79D /* Resources */,
			);
			buildRules = (
			);
			dependencies = (
			);
			fileSystemSynchronizedGroups = (
				97D97A712CF1824B009BE79D /* 35th-Seminar-SwiftUI */,
			);
			name = "35th-Seminar-SwiftUI";
			packageProductDependencies = (
			);
			productName = "35th-Seminar-SwiftUI";
			productReference = 97D97A6F2CF1824B009BE79D /* 35th-Seminar-SwiftUI.app */;
			productType = "com.apple.product-type.application";
		};
		97D97A7E2CF1824D009BE79D /* 35th-Seminar-SwiftUITests */ = {
			isa = PBXNativeTarget;
			buildConfigurationList = 97D97A962CF1824D009BE79D /* Build configuration list for PBXNativeTarget "35th-Seminar-SwiftUITests" */;
			buildPhases = (
				97D97A7B2CF1824D009BE79D /* Sources */,
				97D97A7C2CF1824D009BE79D /* Frameworks */,
				97D97A7D2CF1824D009BE79D /* Resources */,
			);
			buildRules = (
			);
			dependencies = (
				97D97A812CF1824D009BE79D /* PBXTargetDependency */,
			);
			fileSystemSynchronizedGroups = (
				97D97A822CF1824D009BE79D /* 35th-Seminar-SwiftUITests */,
			);
			name = "35th-Seminar-SwiftUITests";
			packageProductDependencies = (
			);
			productName = "35th-Seminar-SwiftUITests";
			productReference = 97D97A7F2CF1824D009BE79D /* 35th-Seminar-SwiftUITests.xctest */;
			productType = "com.apple.product-type.bundle.unit-test";
		};
		97D97A882CF1824D009BE79D /* 35th-Seminar-SwiftUIUITests */ = {
			isa = PBXNativeTarget;
			buildConfigurationList = 97D97A992CF1824D009BE79D /* Build configuration list for PBXNativeTarget "35th-Seminar-SwiftUIUITests" */;
			buildPhases = (
				97D97A852CF1824D009BE79D /* Sources */,
				97D97A862CF1824D009BE79D /* Frameworks */,
				97D97A872CF1824D009BE79D /* Resources */,
			);
			buildRules = (
			);
			dependencies = (
				97D97A8B2CF1824D009BE79D /* PBXTargetDependency */,
			);
			fileSystemSynchronizedGroups = (
				97D97A8C2CF1824D009BE79D /* 35th-Seminar-SwiftUIUITests */,
			);
			name = "35th-Seminar-SwiftUIUITests";
			packageProductDependencies = (
			);
			productName = "35th-Seminar-SwiftUIUITests";
			productReference = 97D97A892CF1824D009BE79D /* 35th-Seminar-SwiftUIUITests.xctest */;
			productType = "com.apple.product-type.bundle.ui-testing";
		};
/* End PBXNativeTarget section */

/* Begin PBXProject section */
		97D97A672CF1824B009BE79D /* Project object */ = {
			isa = PBXProject;
			attributes = {
				BuildIndependentTargetsInParallel = 1;
				LastSwiftUpdateCheck = 1610;
				LastUpgradeCheck = 1610;
				TargetAttributes = {
					97D97A6E2CF1824B009BE79D = {
						CreatedOnToolsVersion = 16.1;
					};
					97D97A7E2CF1824D009BE79D = {
						CreatedOnToolsVersion = 16.1;
						TestTargetID = 97D97A6E2CF1824B009BE79D;
					};
					97D97A882CF1824D009BE79D = {
						CreatedOnToolsVersion = 16.1;
						TestTargetID = 97D97A6E2CF1824B009BE79D;
					};
				};
			};
			buildConfigurationList = 97D97A6A2CF1824B009BE79D /* Build configuration list for PBXProject "35th-Seminar-SwiftUI" */;
			developmentRegion = en;
			hasScannedForEncodings = 0;
			knownRegions = (
				en,
				Base,
			);
			mainGroup = 97D97A662CF1824B009BE79D;
			minimizedProjectReferenceProxies = 1;
			preferredProjectObjectVersion = 77;
			productRefGroup = 97D97A702CF1824B009BE79D /* Products */;
			projectDirPath = "";
			projectRoot = "";
			targets = (
				97D97A6E2CF1824B009BE79D /* 35th-Seminar-SwiftUI */,
				97D97A7E2CF1824D009BE79D /* 35th-Seminar-SwiftUITests */,
				97D97A882CF1824D009BE79D /* 35th-Seminar-SwiftUIUITests */,
			);
		};
/* End PBXProject section */

/* Begin PBXResourcesBuildPhase section */
		97D97A6D2CF1824B009BE79D /* Resources */ = {
			isa = PBXResourcesBuildPhase;
			buildActionMask = 2147483647;
			files = (
			);
			runOnlyForDeploymentPostprocessing = 0;
		};
		97D97A7D2CF1824D009BE79D /* Resources */ = {
			isa = PBXResourcesBuildPhase;
			buildActionMask = 2147483647;
			files = (
			);
			runOnlyForDeploymentPostprocessing = 0;
		};
		97D97A872CF1824D009BE79D /* Resources */ = {
			isa = PBXResourcesBuildPhase;
			buildActionMask = 2147483647;
			files = (
			);
			runOnlyForDeploymentPostprocessing = 0;
		};
/* End PBXResourcesBuildPhase section */

/* Begin PBXSourcesBuildPhase section */
		97D97A6B2CF1824B009BE79D /* Sources */ = {
			isa = PBXSourcesBuildPhase;
			buildActionMask = 2147483647;
			files = (
			);
			runOnlyForDeploymentPostprocessing = 0;
		};
		97D97A7B2CF1824D009BE79D /* Sources */ = {
			isa = PBXSourcesBuildPhase;
			buildActionMask = 2147483647;
			files = (
			);
			runOnlyForDeploymentPostprocessing = 0;
		};
		97D97A852CF1824D009BE79D /* Sources */ = {
			isa = PBXSourcesBuildPhase;
			buildActionMask = 2147483647;
			files = (
			);
			runOnlyForDeploymentPostprocessing = 0;
		};
/* End PBXSourcesBuildPhase section */

/* Begin PBXTargetDependency section */
		97D97A812CF1824D009BE79D /* PBXTargetDependency */ = {
			isa = PBXTargetDependency;
			target = 97D97A6E2CF1824B009BE79D /* 35th-Seminar-SwiftUI */;
			targetProxy = 97D97A802CF1824D009BE79D /* PBXContainerItemProxy */;
		};
		97D97A8B2CF1824D009BE79D /* PBXTargetDependency */ = {
			isa = PBXTargetDependency;
			target = 97D97A6E2CF1824B009BE79D /* 35th-Seminar-SwiftUI */;
			targetProxy = 97D97A8A2CF1824D009BE79D /* PBXContainerItemProxy */;
		};
/* End PBXTargetDependency section */

/* Begin XCBuildConfiguration section */
		97D97A912CF1824D009BE79D /* Debug */ = {
			isa = XCBuildConfiguration;
			buildSettings = {
				ALWAYS_SEARCH_USER_PATHS = NO;
				ASSETCATALOG_COMPILER_GENERATE_SWIFT_ASSET_SYMBOL_EXTENSIONS = YES;
				CLANG_ANALYZER_NONNULL = YES;
				CLANG_ANALYZER_NUMBER_OBJECT_CONVERSION = YES_AGGRESSIVE;
				CLANG_CXX_LANGUAGE_STANDARD = "gnu++20";
				CLANG_ENABLE_MODULES = YES;
				CLANG_ENABLE_OBJC_ARC = YES;
				CLANG_ENABLE_OBJC_WEAK = YES;
				CLANG_WARN_BLOCK_CAPTURE_AUTORELEASING = YES;
				CLANG_WARN_BOOL_CONVERSION = YES;
				CLANG_WARN_COMMA = YES;
				CLANG_WARN_CONSTANT_CONVERSION = YES;
				CLANG_WARN_DEPRECATED_OBJC_IMPLEMENTATIONS = YES;
				CLANG_WARN_DIRECT_OBJC_ISA_USAGE = YES_ERROR;
				CLANG_WARN_DOCUMENTATION_COMMENTS = YES;
				CLANG_WARN_EMPTY_BODY = YES;
				CLANG_WARN_ENUM_CONVERSION = YES;
				CLANG_WARN_INFINITE_RECURSION = YES;
				CLANG_WARN_INT_CONVERSION = YES;
				CLANG_WARN_NON_LITERAL_NULL_CONVERSION = YES;
				CLANG_WARN_OBJC_IMPLICIT_RETAIN_SELF = YES;
				CLANG_WARN_OBJC_LITERAL_CONVERSION = YES;
				CLANG_WARN_OBJC_ROOT_CLASS = YES_ERROR;
				CLANG_WARN_QUOTED_INCLUDE_IN_FRAMEWORK_HEADER = YES;
				CLANG_WARN_RANGE_LOOP_ANALYSIS = YES;
				CLANG_WARN_STRICT_PROTOTYPES = YES;
				CLANG_WARN_SUSPICIOUS_MOVE = YES;
				CLANG_WARN_UNGUARDED_AVAILABILITY = YES_AGGRESSIVE;
				CLANG_WARN_UNREACHABLE_CODE = YES;
				CLANG_WARN__DUPLICATE_METHOD_MATCH = YES;
				COPY_PHASE_STRIP = NO;
				DEBUG_INFORMATION_FORMAT = dwarf;
				ENABLE_STRICT_OBJC_MSGSEND = YES;
				ENABLE_TESTABILITY = YES;
				ENABLE_USER_SCRIPT_SANDBOXING = YES;
				GCC_C_LANGUAGE_STANDARD = gnu17;
				GCC_DYNAMIC_NO_PIC = NO;
				GCC_NO_COMMON_BLOCKS = YES;
				GCC_OPTIMIZATION_LEVEL = 0;
				GCC_PREPROCESSOR_DEFINITIONS = (
					"DEBUG=1",
					"$(inherited)",
				);
				GCC_WARN_64_TO_32_BIT_CONVERSION = YES;
				GCC_WARN_ABOUT_RETURN_TYPE = YES_ERROR;
				GCC_WARN_UNDECLARED_SELECTOR = YES;
				GCC_WARN_UNINITIALIZED_AUTOS = YES_AGGRESSIVE;
				GCC_WARN_UNUSED_FUNCTION = YES;
				GCC_WARN_UNUSED_VARIABLE = YES;
				IPHONEOS_DEPLOYMENT_TARGET = 18.1;
				LOCALIZATION_PREFERS_STRING_CATALOGS = YES;
				MTL_ENABLE_DEBUG_INFO = INCLUDE_SOURCE;
				MTL_FAST_MATH = YES;
				ONLY_ACTIVE_ARCH = YES;
				SDKROOT = iphoneos;
				SWIFT_ACTIVE_COMPILATION_CONDITIONS = "DEBUG $(inherited)";
				SWIFT_OPTIMIZATION_LEVEL = "-Onone";
			};
			name = Debug;
		};
		97D97A922CF1824D009BE79D /* Release */ = {
			isa = XCBuildConfiguration;
			buildSettings = {
				ALWAYS_SEARCH_USER_PATHS = NO;
				ASSETCATALOG_COMPILER_GENERATE_SWIFT_ASSET_SYMBOL_EXTENSIONS = YES;
				CLANG_ANALYZER_NONNULL = YES;
				CLANG_ANALYZER_NUMBER_OBJECT_CONVERSION = YES_AGGRESSIVE;
				CLANG_CXX_LANGUAGE_STANDARD = "gnu++20";
				CLANG_ENABLE_MODULES = YES;
				CLANG_ENABLE_OBJC_ARC = YES;
				CLANG_ENABLE_OBJC_WEAK = YES;
				CLANG_WARN_BLOCK_CAPTURE_AUTORELEASING = YES;
				CLANG_WARN_BOOL_CONVERSION = YES;
				CLANG_WARN_COMMA = YES;
				CLANG_WARN_CONSTANT_CONVERSION = YES;
				CLANG_WARN_DEPRECATED_OBJC_IMPLEMENTATIONS = YES;
				CLANG_WARN_DIRECT_OBJC_ISA_USAGE = YES_ERROR;
				CLANG_WARN_DOCUMENTATION_COMMENTS = YES;
				CLANG_WARN_EMPTY_BODY = YES;
				CLANG_WARN_ENUM_CONVERSION = YES;
				CLANG_WARN_INFINITE_RECURSION = YES;
				CLANG_WARN_INT_CONVERSION = YES;
				CLANG_WARN_NON_LITERAL_NULL_CONVERSION = YES;
				CLANG_WARN_OBJC_IMPLICIT_RETAIN_SELF = YES;
				CLANG_WARN_OBJC_LITERAL_CONVERSION = YES;
				CLANG_WARN_OBJC_ROOT_CLASS = YES_ERROR;
				CLANG_WARN_QUOTED_INCLUDE_IN_FRAMEWORK_HEADER = YES;
				CLANG_WARN_RANGE_LOOP_ANALYSIS = YES;
				CLANG_WARN_STRICT_PROTOTYPES = YES;
				CLANG_WARN_SUSPICIOUS_MOVE = YES;
				CLANG_WARN_UNGUARDED_AVAILABILITY = YES_AGGRESSIVE;
				CLANG_WARN_UNREACHABLE_CODE = YES;
				CLANG_WARN__DUPLICATE_METHOD_MATCH = YES;
				COPY_PHASE_STRIP = NO;
				DEBUG_INFORMATION_FORMAT = "dwarf-with-dsym";
				ENABLE_NS_ASSERTIONS = NO;
				ENABLE_STRICT_OBJC_MSGSEND = YES;
				ENABLE_USER_SCRIPT_SANDBOXING = YES;
				GCC_C_LANGUAGE_STANDARD = gnu17;
				GCC_NO_COMMON_BLOCKS = YES;
				GCC_WARN_64_TO_32_BIT_CONVERSION = YES;
				GCC_WARN_ABOUT_RETURN_TYPE = YES_ERROR;
				GCC_WARN_UNDECLARED_SELECTOR = YES;
				GCC_WARN_UNINITIALIZED_AUTOS = YES_AGGRESSIVE;
				GCC_WARN_UNUSED_FUNCTION = YES;
				GCC_WARN_UNUSED_VARIABLE = YES;
				IPHONEOS_DEPLOYMENT_TARGET = 18.1;
				LOCALIZATION_PREFERS_STRING_CATALOGS = YES;
				MTL_ENABLE_DEBUG_INFO = NO;
				MTL_FAST_MATH = YES;
				SDKROOT = iphoneos;
				SWIFT_COMPILATION_MODE = wholemodule;
				VALIDATE_PRODUCT = YES;
			};
			name = Release;
		};
		97D97A942CF1824D009BE79D /* Debug */ = {
			isa = XCBuildConfiguration;
			buildSettings = {
				ASSETCATALOG_COMPILER_APPICON_NAME = AppIcon;
				ASSETCATALOG_COMPILER_GLOBAL_ACCENT_COLOR_NAME = AccentColor;
				CODE_SIGN_STYLE = Automatic;
				CURRENT_PROJECT_VERSION = 1;
				DEVELOPMENT_ASSET_PATHS = "\"35th-Seminar-SwiftUI/Preview Content\"";
				DEVELOPMENT_TEAM = N2225VQ3TM;
				ENABLE_PREVIEWS = YES;
				GENERATE_INFOPLIST_FILE = YES;
				INFOPLIST_KEY_UIApplicationSceneManifest_Generation = YES;
				INFOPLIST_KEY_UIApplicationSupportsIndirectInputEvents = YES;
				INFOPLIST_KEY_UILaunchScreen_Generation = YES;
				INFOPLIST_KEY_UISupportedInterfaceOrientations_iPad = "UIInterfaceOrientationPortrait UIInterfaceOrientationPortraitUpsideDown UIInterfaceOrientationLandscapeLeft UIInterfaceOrientationLandscapeRight";
				INFOPLIST_KEY_UISupportedInterfaceOrientations_iPhone = "UIInterfaceOrientationPortrait UIInterfaceOrientationLandscapeLeft UIInterfaceOrientationLandscapeRight";
				LD_RUNPATH_SEARCH_PATHS = (
					"$(inherited)",
					"@executable_path/Frameworks",
				);
				MARKETING_VERSION = 1.0;
				PRODUCT_BUNDLE_IDENTIFIER = "com.-5th-Seminar-SwiftUI";
				PRODUCT_NAME = "$(TARGET_NAME)";
				SWIFT_EMIT_LOC_STRINGS = YES;
				SWIFT_VERSION = 5.0;
				TARGETED_DEVICE_FAMILY = "1,2";
			};
			name = Debug;
		};
		97D97A952CF1824D009BE79D /* Release */ = {
			isa = XCBuildConfiguration;
			buildSettings = {
				ASSETCATALOG_COMPILER_APPICON_NAME = AppIcon;
				ASSETCATALOG_COMPILER_GLOBAL_ACCENT_COLOR_NAME = AccentColor;
				CODE_SIGN_STYLE = Automatic;
				CURRENT_PROJECT_VERSION = 1;
				DEVELOPMENT_ASSET_PATHS = "\"35th-Seminar-SwiftUI/Preview Content\"";
				DEVELOPMENT_TEAM = N2225VQ3TM;
				ENABLE_PREVIEWS = YES;
				GENERATE_INFOPLIST_FILE = YES;
				INFOPLIST_KEY_UIApplicationSceneManifest_Generation = YES;
				INFOPLIST_KEY_UIApplicationSupportsIndirectInputEvents = YES;
				INFOPLIST_KEY_UILaunchScreen_Generation = YES;
				INFOPLIST_KEY_UISupportedInterfaceOrientations_iPad = "UIInterfaceOrientationPortrait UIInterfaceOrientationPortraitUpsideDown UIInterfaceOrientationLandscapeLeft UIInterfaceOrientationLandscapeRight";
				INFOPLIST_KEY_UISupportedInterfaceOrientations_iPhone = "UIInterfaceOrientationPortrait UIInterfaceOrientationLandscapeLeft UIInterfaceOrientationLandscapeRight";
				LD_RUNPATH_SEARCH_PATHS = (
					"$(inherited)",
					"@executable_path/Frameworks",
				);
				MARKETING_VERSION = 1.0;
				PRODUCT_BUNDLE_IDENTIFIER = "com.-5th-Seminar-SwiftUI";
				PRODUCT_NAME = "$(TARGET_NAME)";
				SWIFT_EMIT_LOC_STRINGS = YES;
				SWIFT_VERSION = 5.0;
				TARGETED_DEVICE_FAMILY = "1,2";
			};
			name = Release;
		};
		97D97A972CF1824D009BE79D /* Debug */ = {
			isa = XCBuildConfiguration;
			buildSettings = {
				BUNDLE_LOADER = "$(TEST_HOST)";
				CODE_SIGN_STYLE = Automatic;
				CURRENT_PROJECT_VERSION = 1;
				DEVELOPMENT_TEAM = N2225VQ3TM;
				GENERATE_INFOPLIST_FILE = YES;
				IPHONEOS_DEPLOYMENT_TARGET = 18.1;
				MARKETING_VERSION = 1.0;
				PRODUCT_BUNDLE_IDENTIFIER = "com.-5th-Seminar-SwiftUITests";
				PRODUCT_NAME = "$(TARGET_NAME)";
				SWIFT_EMIT_LOC_STRINGS = NO;
				SWIFT_VERSION = 5.0;
				TARGETED_DEVICE_FAMILY = "1,2";
				TEST_HOST = "$(BUILT_PRODUCTS_DIR)/35th-Seminar-SwiftUI.app/$(BUNDLE_EXECUTABLE_FOLDER_PATH)/35th-Seminar-SwiftUI";
			};
			name = Debug;
		};
		97D97A982CF1824D009BE79D /* Release */ = {
			isa = XCBuildConfiguration;
			buildSettings = {
				BUNDLE_LOADER = "$(TEST_HOST)";
				CODE_SIGN_STYLE = Automatic;
				CURRENT_PROJECT_VERSION = 1;
				DEVELOPMENT_TEAM = N2225VQ3TM;
				GENERATE_INFOPLIST_FILE = YES;
				IPHONEOS_DEPLOYMENT_TARGET = 18.1;
				MARKETING_VERSION = 1.0;
				PRODUCT_BUNDLE_IDENTIFIER = "com.-5th-Seminar-SwiftUITests";
				PRODUCT_NAME = "$(TARGET_NAME)";
				SWIFT_EMIT_LOC_STRINGS = NO;
				SWIFT_VERSION = 5.0;
				TARGETED_DEVICE_FAMILY = "1,2";
				TEST_HOST = "$(BUILT_PRODUCTS_DIR)/35th-Seminar-SwiftUI.app/$(BUNDLE_EXECUTABLE_FOLDER_PATH)/35th-Seminar-SwiftUI";
			};
			name = Release;
		};
		97D97A9A2CF1824D009BE79D /* Debug */ = {
			isa = XCBuildConfiguration;
			buildSettings = {
				CODE_SIGN_STYLE = Automatic;
				CURRENT_PROJECT_VERSION = 1;
				DEVELOPMENT_TEAM = N2225VQ3TM;
				GENERATE_INFOPLIST_FILE = YES;
				MARKETING_VERSION = 1.0;
				PRODUCT_BUNDLE_IDENTIFIER = "com.-5th-Seminar-SwiftUIUITests";
				PRODUCT_NAME = "$(TARGET_NAME)";
				SWIFT_EMIT_LOC_STRINGS = NO;
				SWIFT_VERSION = 5.0;
				TARGETED_DEVICE_FAMILY = "1,2";
				TEST_TARGET_NAME = "35th-Seminar-SwiftUI";
			};
			name = Debug;
		};
		97D97A9B2CF1824D009BE79D /* Release */ = {
			isa = XCBuildConfiguration;
			buildSettings = {
				CODE_SIGN_STYLE = Automatic;
				CURRENT_PROJECT_VERSION = 1;
				DEVELOPMENT_TEAM = N2225VQ3TM;
				GENERATE_INFOPLIST_FILE = YES;
				MARKETING_VERSION = 1.0;
				PRODUCT_BUNDLE_IDENTIFIER = "com.-5th-Seminar-SwiftUIUITests";
				PRODUCT_NAME = "$(TARGET_NAME)";
				SWIFT_EMIT_LOC_STRINGS = NO;
				SWIFT_VERSION = 5.0;
				TARGETED_DEVICE_FAMILY = "1,2";
				TEST_TARGET_NAME = "35th-Seminar-SwiftUI";
			};
			name = Release;
		};
/* End XCBuildConfiguration section */

/* Begin XCConfigurationList section */
		97D97A6A2CF1824B009BE79D /* Build configuration list for PBXProject "35th-Seminar-SwiftUI" */ = {
			isa = XCConfigurationList;
			buildConfigurations = (
				97D97A912CF1824D009BE79D /* Debug */,
				97D97A922CF1824D009BE79D /* Release */,
			);
			defaultConfigurationIsVisible = 0;
			defaultConfigurationName = Release;
		};
		97D97A932CF1824D009BE79D /* Build configuration list for PBXNativeTarget "35th-Seminar-SwiftUI" */ = {
			isa = XCConfigurationList;
			buildConfigurations = (
				97D97A942CF1824D009BE79D /* Debug */,
				97D97A952CF1824D009BE79D /* Release */,
			);
			defaultConfigurationIsVisible = 0;
			defaultConfigurationName = Release;
		};
		97D97A962CF1824D009BE79D /* Build configuration list for PBXNativeTarget "35th-Seminar-SwiftUITests" */ = {
			isa = XCConfigurationList;
			buildConfigurations = (
				97D97A972CF1824D009BE79D /* Debug */,
				97D97A982CF1824D009BE79D /* Release */,
			);
			defaultConfigurationIsVisible = 0;
			defaultConfigurationName = Release;
		};
		97D97A992CF1824D009BE79D /* Build configuration list for PBXNativeTarget "35th-Seminar-SwiftUIUITests" */ = {
			isa = XCConfigurationList;
			buildConfigurations = (
				97D97A9A2CF1824D009BE79D /* Debug */,
				97D97A9B2CF1824D009BE79D /* Release */,
			);
			defaultConfigurationIsVisible = 0;
			defaultConfigurationName = Release;
		};
/* End XCConfigurationList section */
	};
	rootObject = 97D97A672CF1824B009BE79D /* Project object */;
}
